
Microsoft Visual Studio Solution File, Format Version 12.00
# Visual Studio Version 17
VisualStudioVersion = 17.14.36414.22
MinimumVisualStudioVersion = 10.0.40219.1
Project("{FAE04EC0-301F-11D3-BF4B-00C04F79EFBC}") = "AlzaTestProject", "AlzaTestProject\AlzaTestProject.csproj", "{B348EBF4-851C-4E7B-9B50-536F8232904D}"
EndProject
Project("{FAE04EC0-301F-11D3-BF4B-00C04F79EFBC}") = "AlzaTestProject.Domain", "AlzaTestProject.Domain\AlzaTestProject.Domain.csproj", "{B1E3FE68-1D44-499B-BBB8-FC1549A3D088}"
EndProject
Project("{FAE04EC0-301F-11D3-BF4B-00C04F79EFBC}") = "AlzaTestProject.DAL", "AlzaTestProject.DAL\AlzaTestProject.DAL.csproj", "{E103074C-92CB-4998-95CC-8D45563EA08A}"
EndProject
Project("{FAE04EC0-301F-11D3-BF4B-00C04F79EFBC}") = "AlzaTestProject.Services", "AlzaTestProject.Services\AlzaTestProject.Services.csproj", "{CF45CE1A-E0EC-42C0-B6A9-5C7CCA61283E}"
EndProject
Project("{FAE04EC0-301F-11D3-BF4B-00C04F79EFBC}") = "AlzaTestProject.Tests", "AlzaTestProject.Tests\AlzaTestProject.Tests.csproj", "{F93881B6-E7A0-4969-A9DF-BB51D558B14A}"
EndProject
Project("{FAE04EC0-301F-11D3-BF4B-00C04F79EFBC}") = "AlzaTestProject.Infrastructure", "AlzaTestProject.Infrastructure\AlzaTestProject.Infrastructure.csproj", "{17B69948-2AD2-42F6-AAB8-73E808859FC7}"
EndProject
Global
	GlobalSection(SolutionConfigurationPlatforms) = preSolution
		Debug|Any CPU = Debug|Any CPU
		Release|Any CPU = Release|Any CPU
	EndGlobalSection
	GlobalSection(ProjectConfigurationPlatforms) = postSolution
		{B348EBF4-851C-4E7B-9B50-536F8232904D}.Debug|Any CPU.ActiveCfg = Debug|Any CPU
		{B348EBF4-851C-4E7B-9B50-536F8232904D}.Debug|Any CPU.Build.0 = Debug|Any CPU
		{B348EBF4-851C-4E7B-9B50-536F8232904D}.Release|Any CPU.ActiveCfg = Release|Any CPU
		{B348EBF4-851C-4E7B-9B50-536F8232904D}.Release|Any CPU.Build.0 = Release|Any CPU
		{B1E3FE68-1D44-499B-BBB8-FC1549A3D088}.Debug|Any CPU.ActiveCfg = Debug|Any CPU
		{B1E3FE68-1D44-499B-BBB8-FC1549A3D088}.Debug|Any CPU.Build.0 = Debug|Any CPU
		{B1E3FE68-1D44-499B-BBB8-FC1549A3D088}.Release|Any CPU.ActiveCfg = Release|Any CPU
		{B1E3FE68-1D44-499B-BBB8-FC1549A3D088}.Release|Any CPU.Build.0 = Release|Any CPU
		{E103074C-92CB-4998-95CC-8D45563EA08A}.Debug|Any CPU.ActiveCfg = Debug|Any CPU
		{E103074C-92CB-4998-95CC-8D45563EA08A}.Debug|Any CPU.Build.0 = Debug|Any CPU
		{E103074C-92CB-4998-95CC-8D45563EA08A}.Release|Any CPU.ActiveCfg = Release|Any CPU
		{E103074C-92CB-4998-95CC-8D45563EA08A}.Release|Any CPU.Build.0 = Release|Any CPU
		{CF45CE1A-E0EC-42C0-B6A9-5C7CCA61283E}.Debug|Any CPU.ActiveCfg = Debug|Any CPU
		{CF45CE1A-E0EC-42C0-B6A9-5C7CCA61283E}.Debug|Any CPU.Build.0 = Debug|Any CPU
		{CF45CE1A-E0EC-42C0-B6A9-5C7CCA61283E}.Release|Any CPU.ActiveCfg = Release|Any CPU
		{CF45CE1A-E0EC-42C0-B6A9-5C7CCA61283E}.Release|Any CPU.Build.0 = Release|Any CPU
		{F93881B6-E7A0-4969-A9DF-BB51D558B14A}.Debug|Any CPU.ActiveCfg = Debug|Any CPU
		{F93881B6-E7A0-4969-A9DF-BB51D558B14A}.Debug|Any CPU.Build.0 = Debug|Any CPU
		{F93881B6-E7A0-4969-A9DF-BB51D558B14A}.Release|Any CPU.ActiveCfg = Release|Any CPU
		{F93881B6-E7A0-4969-A9DF-BB51D558B14A}.Release|Any CPU.Build.0 = Release|Any CPU
		{17B69948-2AD2-42F6-AAB8-73E808859FC7}.Debug|Any CPU.ActiveCfg = Debug|Any CPU
		{17B69948-2AD2-42F6-AAB8-73E808859FC7}.Debug|Any CPU.Build.0 = Debug|Any CPU
		{17B69948-2AD2-42F6-AAB8-73E808859FC7}.Release|Any CPU.ActiveCfg = Release|Any CPU
		{17B69948-2AD2-42F6-AAB8-73E808859FC7}.Release|Any CPU.Build.0 = Release|Any CPU
	EndGlobalSection
	GlobalSection(SolutionProperties) = preSolution
		HideSolutionNode = FALSE
	EndGlobalSection
	GlobalSection(ExtensibilityGlobals) = postSolution
		SolutionGuid = {B76D93C9-5C18-406B-82C8-B8EA3BCAC738}
	EndGlobalSection
EndGlobal
